// !$*UTF8*$!
{
	archiveVersion = 1;
	classes = {
	};
	objectVersion = 46;
	objects = {

/* Begin PBXBuildFile section */
		844C8B9F1D91D80300FD9F80 /* RegEx.h in Headers */ = {isa = PBXBuildFile; fileRef = 844C8B9D1D91D80300FD9F80 /* RegEx.h */; settings = {ATTRIBUTES = (Public, ); }; };
		845EF1F71D931E05002CEC91 /* RegEx.swift in Sources */ = {isa = PBXBuildFile; fileRef = 845EF1F51D931E05002CEC91 /* RegEx.swift */; };
		845EF1F81D931E05002CEC91 /* String+Ext.swift in Sources */ = {isa = PBXBuildFile; fileRef = 845EF1F61D931E05002CEC91 /* String+Ext.swift */; };
/* End PBXBuildFile section */

/* Begin PBXFileReference section */
		844C8B9A1D91D80300FD9F80 /* RegEx.framework */ = {isa = PBXFileReference; explicitFileType = wrapper.framework; includeInIndex = 0; path = RegEx.framework; sourceTree = BUILT_PRODUCTS_DIR; };
		844C8B9D1D91D80300FD9F80 /* RegEx.h */ = {isa = PBXFileReference; lastKnownFileType = sourcecode.c.h; path = RegEx.h; sourceTree = "<group>"; };
		844C8B9E1D91D80300FD9F80 /* Info.plist */ = {isa = PBXFileReference; lastKnownFileType = text.plist.xml; path = Info.plist; sourceTree = "<group>"; };
		845EF1F51D931E05002CEC91 /* RegEx.swift */ = {isa = PBXFileReference; fileEncoding = 4; lastKnownFileType = sourcecode.swift; path = RegEx.swift; sourceTree = "<group>"; };
		845EF1F61D931E05002CEC91 /* String+Ext.swift */ = {isa = PBXFileReference; fileEncoding = 4; lastKnownFileType = sourcecode.swift; path = "String+Ext.swift"; sourceTree = "<group>"; };
		84CCD9651D9325ED007D8021 /* LICENSE */ = {isa = PBXFileReference; fileEncoding = 4; lastKnownFileType = text; path = LICENSE; sourceTree = "<group>"; };
		84CCD9661D9325ED007D8021 /* README.md */ = {isa = PBXFileReference; fileEncoding = 4; lastKnownFileType = net.daringfireball.markdown; path = README.md; sourceTree = "<group>"; };
		84CCD9671D9325ED007D8021 /* RegEx.podspec */ = {isa = PBXFileReference; fileEncoding = 4; lastKnownFileType = text; path = RegEx.podspec; sourceTree = "<group>"; };
/* End PBXFileReference section */

/* Begin PBXFrameworksBuildPhase section */
		844C8B961D91D80300FD9F80 /* Frameworks */ = {
			isa = PBXFrameworksBuildPhase;
			buildActionMask = 2147483647;
			files = (
			);
			runOnlyForDeploymentPostprocessing = 0;
		};
/* End PBXFrameworksBuildPhase section */

/* Begin PBXGroup section */
		844C8B901D91D80300FD9F80 = {
			isa = PBXGroup;
			children = (
				84CCD9651D9325ED007D8021 /* LICENSE */,
				84CCD9661D9325ED007D8021 /* README.md */,
				84CCD9671D9325ED007D8021 /* RegEx.podspec */,
				844C8B9C1D91D80300FD9F80 /* Sources */,
				844C8B9B1D91D80300FD9F80 /* Products */,
			);
			sourceTree = "<group>";
		};
		844C8B9B1D91D80300FD9F80 /* Products */ = {
			isa = PBXGroup;
			children = (
				844C8B9A1D91D80300FD9F80 /* RegEx.framework */,
			);
			name = Products;
			sourceTree = "<group>";
		};
		844C8B9C1D91D80300FD9F80 /* Sources */ = {
			isa = PBXGroup;
			children = (
				845EF1F51D931E05002CEC91 /* RegEx.swift */,
				845EF1F61D931E05002CEC91 /* String+Ext.swift */,
				844C8B9D1D91D80300FD9F80 /* RegEx.h */,
				844C8B9E1D91D80300FD9F80 /* Info.plist */,
			);
			path = Sources;
			sourceTree = "<group>";
		};
/* End PBXGroup section */

/* Begin PBXHeadersBuildPhase section */
		844C8B971D91D80300FD9F80 /* Headers */ = {
			isa = PBXHeadersBuildPhase;
			buildActionMask = 2147483647;
			files = (
				844C8B9F1D91D80300FD9F80 /* RegEx.h in Headers */,
			);
			runOnlyForDeploymentPostprocessing = 0;
		};
/* End PBXHeadersBuildPhase section */

/* Begin PBXNativeTarget section */
		844C8B991D91D80300FD9F80 /* RegEx */ = {
			isa = PBXNativeTarget;
			buildConfigurationList = 844C8BA21D91D80300FD9F80 /* Build configuration list for PBXNativeTarget "RegEx" */;
			buildPhases = (
				844C8B951D91D80300FD9F80 /* Sources */,
				844C8B961D91D80300FD9F80 /* Frameworks */,
				844C8B971D91D80300FD9F80 /* Headers */,
				844C8B981D91D80300FD9F80 /* Resources */,
			);
			buildRules = (
			);
			dependencies = (
			);
			name = RegEx;
			productName = RegEx;
			productReference = 844C8B9A1D91D80300FD9F80 /* RegEx.framework */;
			productType = "com.apple.product-type.framework";
		};
/* End PBXNativeTarget section */

/* Begin PBXProject section */
		844C8B911D91D80300FD9F80 /* Project object */ = {
			isa = PBXProject;
			attributes = {
				LastUpgradeCheck = 0800;
				TargetAttributes = {
					844C8B991D91D80300FD9F80 = {
						CreatedOnToolsVersion = 8.0;
						LastSwiftMigration = 0800;
						ProvisioningStyle = Automatic;
					};
				};
			};
			buildConfigurationList = 844C8B941D91D80300FD9F80 /* Build configuration list for PBXProject "RegEx" */;
			compatibilityVersion = "Xcode 3.2";
			developmentRegion = English;
			hasScannedForEncodings = 0;
			knownRegions = (
				en,
			);
			mainGroup = 844C8B901D91D80300FD9F80;
			productRefGroup = 844C8B9B1D91D80300FD9F80 /* Products */;
			projectDirPath = "";
			projectRoot = "";
			targets = (
				844C8B991D91D80300FD9F80 /* RegEx */,
			);
		};
/* End PBXProject section */

/* Begin PBXResourcesBuildPhase section */
		844C8B981D91D80300FD9F80 /* Resources */ = {
			isa = PBXResourcesBuildPhase;
			buildActionMask = 2147483647;
			files = (
			);
			runOnlyForDeploymentPostprocessing = 0;
		};
/* End PBXResourcesBuildPhase section */

/* Begin PBXSourcesBuildPhase section */
		844C8B951D91D80300FD9F80 /* Sources */ = {
			isa = PBXSourcesBuildPhase;
			buildActionMask = 2147483647;
			files = (
				845EF1F81D931E05002CEC91 /* String+Ext.swift in Sources */,
				845EF1F71D931E05002CEC91 /* RegEx.swift in Sources */,
			);
			runOnlyForDeploymentPostprocessing = 0;
		};
/* End PBXSourcesBuildPhase section */

/* Begin XCBuildConfiguration section */
		844C8BA01D91D80300FD9F80 /* Debug */ = {
			isa = XCBuildConfiguration;
			buildSettings = {
				ALWAYS_SEARCH_USER_PATHS = NO;
				CLANG_ANALYZER_NONNULL = YES;
				CLANG_CXX_LANGUAGE_STANDARD = "gnu++0x";
				CLANG_CXX_LIBRARY = "libc++";
				CLANG_ENABLE_MODULES = YES;
				CLANG_ENABLE_OBJC_ARC = YES;
				CLANG_WARN_BOOL_CONVERSION = YES;
				CLANG_WARN_CONSTANT_CONVERSION = YES;
				CLANG_WARN_DIRECT_OBJC_ISA_USAGE = YES_ERROR;
				CLANG_WARN_DOCUMENTATION_COMMENTS = YES;
				CLANG_WARN_EMPTY_BODY = YES;
				CLANG_WARN_ENUM_CONVERSION = YES;
				CLANG_WARN_INFINITE_RECURSION = YES;
				CLANG_WARN_INT_CONVERSION = YES;
				CLANG_WARN_OBJC_ROOT_CLASS = YES_ERROR;
				CLANG_WARN_SUSPICIOUS_MOVES = YES;
				CLANG_WARN_UNREACHABLE_CODE = YES;
				CLANG_WARN__DUPLICATE_METHOD_MATCH = YES;
				CODE_SIGN_IDENTITY = "-";
				COPY_PHASE_STRIP = NO;
				DEBUG_INFORMATION_FORMAT = dwarf;
				ENABLE_STRICT_OBJC_MSGSEND = YES;
				ENABLE_TESTABILITY = YES;
				GCC_C_LANGUAGE_STANDARD = gnu99;
				GCC_DYNAMIC_NO_PIC = NO;
				GCC_NO_COMMON_BLOCKS = YES;
				GCC_OPTIMIZATION_LEVEL = 0;
				GCC_PREPROCESSOR_DEFINITIONS = (
					"DEBUG=1",
					"$(inherited)",
				);
				GCC_WARN_64_TO_32_BIT_CONVERSION = YES;
				GCC_WARN_ABOUT_RETURN_TYPE = YES_ERROR;
				GCC_WARN_UNDECLARED_SELECTOR = YES;
				GCC_WARN_UNINITIALIZED_AUTOS = YES_AGGRESSIVE;
				GCC_WARN_UNUSED_FUNCTION = YES;
				GCC_WARN_UNUSED_VARIABLE = YES;
				MACOSX_DEPLOYMENT_TARGET = 10.9;
				MTL_ENABLE_DEBUG_INFO = YES;
				ONLY_ACTIVE_ARCH = YES;
				SDKROOT = macosx;
				SWIFT_ACTIVE_COMPILATION_CONDITIONS = DEBUG;
				SWIFT_OPTIMIZATION_LEVEL = "-Onone";
			};
			name = Debug;
		};
		844C8BA11D91D80300FD9F80 /* Release */ = {
			isa = XCBuildConfiguration;
			buildSettings = {
				ALWAYS_SEARCH_USER_PATHS = NO;
				CLANG_ANALYZER_NONNULL = YES;
				CLANG_CXX_LANGUAGE_STANDARD = "gnu++0x";
				CLANG_CXX_LIBRARY = "libc++";
				CLANG_ENABLE_MODULES = YES;
				CLANG_ENABLE_OBJC_ARC = YES;
				CLANG_WARN_BOOL_CONVERSION = YES;
				CLANG_WARN_CONSTANT_CONVERSION = YES;
				CLANG_WARN_DIRECT_OBJC_ISA_USAGE = YES_ERROR;
				CLANG_WARN_DOCUMENTATION_COMMENTS = YES;
				CLANG_WARN_EMPTY_BODY = YES;
				CLANG_WARN_ENUM_CONVERSION = YES;
				CLANG_WARN_INFINITE_RECURSION = YES;
				CLANG_WARN_INT_CONVERSION = YES;
				CLANG_WARN_OBJC_ROOT_CLASS = YES_ERROR;
				CLANG_WARN_SUSPICIOUS_MOVES = YES;
				CLANG_WARN_UNREACHABLE_CODE = YES;
				CLANG_WARN__DUPLICATE_METHOD_MATCH = YES;
				CODE_SIGN_IDENTITY = "-";
				COPY_PHASE_STRIP = NO;
				DEBUG_INFORMATION_FORMAT = "dwarf-with-dsym";
				ENABLE_NS_ASSERTIONS = NO;
				ENABLE_STRICT_OBJC_MSGSEND = YES;
				GCC_C_LANGUAGE_STANDARD = gnu99;
				GCC_NO_COMMON_BLOCKS = YES;
				GCC_WARN_64_TO_32_BIT_CONVERSION = YES;
				GCC_WARN_ABOUT_RETURN_TYPE = YES_ERROR;
				GCC_WARN_UNDECLARED_SELECTOR = YES;
				GCC_WARN_UNINITIALIZED_AUTOS = YES_AGGRESSIVE;
				GCC_WARN_UNUSED_FUNCTION = YES;
				GCC_WARN_UNUSED_VARIABLE = YES;
				MACOSX_DEPLOYMENT_TARGET = 10.9;
				MTL_ENABLE_DEBUG_INFO = NO;
				SDKROOT = macosx;
				SWIFT_OPTIMIZATION_LEVEL = "-Owholemodule";
			};
			name = Release;
		};
		844C8BA31D91D80300FD9F80 /* Debug */ = {
			isa = XCBuildConfiguration;
			buildSettings = {
				CLANG_ENABLE_MODULES = YES;
				CODE_SIGN_IDENTITY = "";
				COMBINE_HIDPI_IMAGES = YES;
				DEFINES_MODULE = YES;
				DYLIB_COMPATIBILITY_VERSION = 1;
				DYLIB_CURRENT_VERSION = 1;
				DYLIB_INSTALL_NAME_BASE = "@rpath";
				FRAMEWORK_VERSION = A;
				INFOPLIST_FILE = Sources/Info.plist;
				INSTALL_PATH = "$(LOCAL_LIBRARY_DIR)/Frameworks";
				LD_RUNPATH_SEARCH_PATHS = "$(inherited) @executable_path/../Frameworks @loader_path/Frameworks";
				PRODUCT_BUNDLE_IDENTIFIER = werediver.RegEx;
				PRODUCT_NAME = "$(TARGET_NAME)";
				SKIP_INSTALL = YES;
				SWIFT_OPTIMIZATION_LEVEL = "-Onone";
				SWIFT_VERSION = 3.0;
			};
			name = Debug;
		};
		844C8BA41D91D80300FD9F80 /* Release */ = {
			isa = XCBuildConfiguration;
			buildSettings = {
				CLANG_ENABLE_MODULES = YES;
				CODE_SIGN_IDENTITY = "";
				COMBINE_HIDPI_IMAGES = YES;
				DEFINES_MODULE = YES;
				DYLIB_COMPATIBILITY_VERSION = 1;
				DYLIB_CURRENT_VERSION = 1;
				DYLIB_INSTALL_NAME_BASE = "@rpath";
				FRAMEWORK_VERSION = A;
				INFOPLIST_FILE = Sources/Info.plist;
				INSTALL_PATH = "$(LOCAL_LIBRARY_DIR)/Frameworks";
				LD_RUNPATH_SEARCH_PATHS = "$(inherited) @executable_path/../Frameworks @loader_path/Frameworks";
				PRODUCT_BUNDLE_IDENTIFIER = werediver.RegEx;
				PRODUCT_NAME = "$(TARGET_NAME)";
				SKIP_INSTALL = YES;
				SWIFT_VERSION = 3.0;
			};
			name = Release;
		};
/* End XCBuildConfiguration section */

/* Begin XCConfigurationList section */
		844C8B941D91D80300FD9F80 /* Build configuration list for PBXProject "RegEx" */ = {
			isa = XCConfigurationList;
			buildConfigurations = (
				844C8BA01D91D80300FD9F80 /* Debug */,
				844C8BA11D91D80300FD9F80 /* Release */,
			);
			defaultConfigurationIsVisible = 0;
			defaultConfigurationName = Release;
		};
		844C8BA21D91D80300FD9F80 /* Build configuration list for PBXNativeTarget "RegEx" */ = {
			isa = XCConfigurationList;
			buildConfigurations = (
				844C8BA31D91D80300FD9F80 /* Debug */,
				844C8BA41D91D80300FD9F80 /* Release */,
			);
			defaultConfigurationIsVisible = 0;
			defaultConfigurationName = Release;
		};
/* End XCConfigurationList section */
	};
	rootObject = 844C8B911D91D80300FD9F80 /* Project object */;
}
